
Microsoft Visual Studio Solution File, Format Version 12.00
# Visual Studio Version 17
VisualStudioVersion = 17.0.32112.339
MinimumVisualStudioVersion = 10.0.40219.1
Project("{9A19103F-16F7-4668-BE54-9A1E7A4F7556}") = "Dc.Ops.SimpleFileLogger", "Dc.Ops.FileSimpleLogger\Dc.Ops.SimpleFileLogger.csproj", "{38B951DC-DD94-4130-AEA9-764BF3E34E3B}"
EndProject
Global
	GlobalSection(SolutionConfigurationPlatforms) = preSolution
		Debug|Any CPU = Debug|Any CPU
		Release|Any CPU = Release|Any CPU
	EndGlobalSection
	GlobalSection(ProjectConfigurationPlatforms) = postSolution
		{38B951DC-DD94-4130-AEA9-764BF3E34E3B}.Debug|Any CPU.ActiveCfg = Debug|Any CPU
		{38B951DC-DD94-4130-AEA9-764BF3E34E3B}.Debug|Any CPU.Build.0 = Debug|Any CPU
		{38B951DC-DD94-4130-AEA9-764BF3E34E3B}.Release|Any CPU.ActiveCfg = Release|Any CPU
		{38B951DC-DD94-4130-AEA9-764BF3E34E3B}.Release|Any CPU.Build.0 = Release|Any CPU
	EndGlobalSection
	GlobalSection(SolutionProperties) = preSolution
		HideSolutionNode = FALSE
	EndGlobalSection
	GlobalSection(ExtensibilityGlobals) = postSolution
		SolutionGuid = {6BFC4348-A465-4272-9D18-2B9C399BB527}
	EndGlobalSection
EndGlobal
